// !$*UTF8*$!
{
	archiveVersion = 1;
	classes = {
	};
	objectVersion = 46;
	objects = {

/* Begin PBXBuildFile section */
		83FC62D11C782E0B00245DA2 /* AppDelegate.swift in Sources */ = {isa = PBXBuildFile; fileRef = 83FC62D01C782E0B00245DA2 /* AppDelegate.swift */; };
		83FC62D31C782E0B00245DA2 /* ViewController.swift in Sources */ = {isa = PBXBuildFile; fileRef = 83FC62D21C782E0B00245DA2 /* ViewController.swift */; };
		83FC62D61C782E0B00245DA2 /* Main.storyboard in Resources */ = {isa = PBXBuildFile; fileRef = 83FC62D41C782E0B00245DA2 /* Main.storyboard */; };
		83FC62D81C782E0B00245DA2 /* Assets.xcassets in Resources */ = {isa = PBXBuildFile; fileRef = 83FC62D71C782E0B00245DA2 /* Assets.xcassets */; };
		83FC62DB1C782E0B00245DA2 /* LaunchScreen.storyboard in Resources */ = {isa = PBXBuildFile; fileRef = 83FC62D91C782E0B00245DA2 /* LaunchScreen.storyboard */; };
		83FC62E31C78304000245DA2 /* pokemon.csv in Resources */ = {isa = PBXBuildFile; fileRef = 83FC62E21C78304000245DA2 /* pokemon.csv */; };
		83FC62E61C78313000245DA2 /* Pokemon.swift in Sources */ = {isa = PBXBuildFile; fileRef = 83FC62E51C78313000245DA2 /* Pokemon.swift */; };
		83FC62E91C783ABA00245DA2 /* PokeCell.swift in Sources */ = {isa = PBXBuildFile; fileRef = 83FC62E81C783ABA00245DA2 /* PokeCell.swift */; };
		83FC62EB1C79198500245DA2 /* csv.swift in Sources */ = {isa = PBXBuildFile; fileRef = 83FC62EA1C79198500245DA2 /* csv.swift */; };
/* End PBXBuildFile section */

/* Begin PBXFileReference section */
		83FC62CD1C782E0B00245DA2 /* pokeDex.app */ = {isa = PBXFileReference; explicitFileType = wrapper.application; includeInIndex = 0; path = pokeDex.app; sourceTree = BUILT_PRODUCTS_DIR; };
		83FC62D01C782E0B00245DA2 /* AppDelegate.swift */ = {isa = PBXFileReference; lastKnownFileType = sourcecode.swift; path = AppDelegate.swift; sourceTree = "<group>"; };
		83FC62D21C782E0B00245DA2 /* ViewController.swift */ = {isa = PBXFileReference; lastKnownFileType = sourcecode.swift; path = ViewController.swift; sourceTree = "<group>"; };
		83FC62D51C782E0B00245DA2 /* Base */ = {isa = PBXFileReference; lastKnownFileType = file.storyboard; name = Base; path = Base.lproj/Main.storyboard; sourceTree = "<group>"; };
		83FC62D71C782E0B00245DA2 /* Assets.xcassets */ = {isa = PBXFileReference; lastKnownFileType = folder.assetcatalog; path = Assets.xcassets; sourceTree = "<group>"; };
		83FC62DA1C782E0B00245DA2 /* Base */ = {isa = PBXFileReference; lastKnownFileType = file.storyboard; name = Base; path = Base.lproj/LaunchScreen.storyboard; sourceTree = "<group>"; };
		83FC62DC1C782E0B00245DA2 /* Info.plist */ = {isa = PBXFileReference; lastKnownFileType = text.plist.xml; path = Info.plist; sourceTree = "<group>"; };
		83FC62E21C78304000245DA2 /* pokemon.csv */ = {isa = PBXFileReference; fileEncoding = 4; lastKnownFileType = text; path = pokemon.csv; sourceTree = "<group>"; };
		83FC62E51C78313000245DA2 /* Pokemon.swift */ = {isa = PBXFileReference; fileEncoding = 4; lastKnownFileType = sourcecode.swift; path = Pokemon.swift; sourceTree = "<group>"; };
		83FC62E81C783ABA00245DA2 /* PokeCell.swift */ = {isa = PBXFileReference; fileEncoding = 4; lastKnownFileType = sourcecode.swift; path = PokeCell.swift; sourceTree = "<group>"; };
		83FC62EA1C79198500245DA2 /* csv.swift */ = {isa = PBXFileReference; fileEncoding = 4; lastKnownFileType = sourcecode.swift; path = csv.swift; sourceTree = "<group>"; };
/* End PBXFileReference section */

/* Begin PBXFrameworksBuildPhase section */
		83FC62CA1C782E0B00245DA2 /* Frameworks */ = {
			isa = PBXFrameworksBuildPhase;
			buildActionMask = 2147483647;
			files = (
			);
			runOnlyForDeploymentPostprocessing = 0;
		};
/* End PBXFrameworksBuildPhase section */

/* Begin PBXGroup section */
		83FC62C41C782E0A00245DA2 = {
			isa = PBXGroup;
			children = (
				83FC62CF1C782E0B00245DA2 /* pokeDex */,
				83FC62CE1C782E0B00245DA2 /* Products */,
			);
			sourceTree = "<group>";
		};
		83FC62CE1C782E0B00245DA2 /* Products */ = {
			isa = PBXGroup;
			children = (
				83FC62CD1C782E0B00245DA2 /* pokeDex.app */,
			);
			name = Products;
			sourceTree = "<group>";
		};
		83FC62CF1C782E0B00245DA2 /* pokeDex */ = {
			isa = PBXGroup;
			children = (
				83FC62E41C78311300245DA2 /* Model */,
				83FC62E71C783A8700245DA2 /* View */,
				83FC62ED1C7919AF00245DA2 /* Controller */,
				83FC62EC1C79199900245DA2 /* Util */,
				83FC62EE1C7919BB00245DA2 /* Resources */,
				83FC62D01C782E0B00245DA2 /* AppDelegate.swift */,
				83FC62D41C782E0B00245DA2 /* Main.storyboard */,
				83FC62D71C782E0B00245DA2 /* Assets.xcassets */,
				83FC62D91C782E0B00245DA2 /* LaunchScreen.storyboard */,
				83FC62DC1C782E0B00245DA2 /* Info.plist */,
			);
			path = pokeDex;
			sourceTree = "<group>";
		};
		83FC62E41C78311300245DA2 /* Model */ = {
			isa = PBXGroup;
			children = (
				83FC62E51C78313000245DA2 /* Pokemon.swift */,
			);
			name = Model;
			sourceTree = "<group>";
		};
		83FC62E71C783A8700245DA2 /* View */ = {
			isa = PBXGroup;
			children = (
				83FC62E81C783ABA00245DA2 /* PokeCell.swift */,
			);
			name = View;
			sourceTree = "<group>";
		};
		83FC62EC1C79199900245DA2 /* Util */ = {
			isa = PBXGroup;
			children = (
				83FC62EA1C79198500245DA2 /* csv.swift */,
			);
			name = Util;
			sourceTree = "<group>";
		};
		83FC62ED1C7919AF00245DA2 /* Controller */ = {
			isa = PBXGroup;
			children = (
				83FC62D21C782E0B00245DA2 /* ViewController.swift */,
			);
			name = Controller;
			sourceTree = "<group>";
		};
		83FC62EE1C7919BB00245DA2 /* Resources */ = {
			isa = PBXGroup;
			children = (
				83FC62E21C78304000245DA2 /* pokemon.csv */,
			);
			name = Resources;
			sourceTree = "<group>";
		};
/* End PBXGroup section */

/* Begin PBXNativeTarget section */
		83FC62CC1C782E0B00245DA2 /* pokeDex */ = {
			isa = PBXNativeTarget;
			buildConfigurationList = 83FC62DF1C782E0B00245DA2 /* Build configuration list for PBXNativeTarget "pokeDex" */;
			buildPhases = (
				83FC62C91C782E0B00245DA2 /* Sources */,
				83FC62CA1C782E0B00245DA2 /* Frameworks */,
				83FC62CB1C782E0B00245DA2 /* Resources */,
			);
			buildRules = (
			);
			dependencies = (
			);
			name = pokeDex;
			productName = pokeDex;
			productReference = 83FC62CD1C782E0B00245DA2 /* pokeDex.app */;
			productType = "com.apple.product-type.application";
		};
/* End PBXNativeTarget section */

/* Begin PBXProject section */
		83FC62C51C782E0A00245DA2 /* Project object */ = {
			isa = PBXProject;
			attributes = {
				LastSwiftUpdateCheck = 0720;
				LastUpgradeCheck = 0720;
				ORGANIZATIONNAME = "Christopher Rathnam";
				TargetAttributes = {
					83FC62CC1C782E0B00245DA2 = {
						CreatedOnToolsVersion = 7.2.1;
						DevelopmentTeam = CRPHULN87P;
					};
				};
			};
			buildConfigurationList = 83FC62C81C782E0A00245DA2 /* Build configuration list for PBXProject "pokeDex" */;
			compatibilityVersion = "Xcode 3.2";
			developmentRegion = English;
			hasScannedForEncodings = 0;
			knownRegions = (
				en,
				Base,
			);
			mainGroup = 83FC62C41C782E0A00245DA2;
			productRefGroup = 83FC62CE1C782E0B00245DA2 /* Products */;
			projectDirPath = "";
			projectRoot = "";
			targets = (
				83FC62CC1C782E0B00245DA2 /* pokeDex */,
			);
		};
/* End PBXProject section */

/* Begin PBXResourcesBuildPhase section */
		83FC62CB1C782E0B00245DA2 /* Resources */ = {
			isa = PBXResourcesBuildPhase;
			buildActionMask = 2147483647;
			files = (
				83FC62DB1C782E0B00245DA2 /* LaunchScreen.storyboard in Resources */,
				83FC62D81C782E0B00245DA2 /* Assets.xcassets in Resources */,
				83FC62E31C78304000245DA2 /* pokemon.csv in Resources */,
				83FC62D61C782E0B00245DA2 /* Main.storyboard in Resources */,
			);
			runOnlyForDeploymentPostprocessing = 0;
		};
/* End PBXResourcesBuildPhase section */

/* Begin PBXSourcesBuildPhase section */
		83FC62C91C782E0B00245DA2 /* Sources */ = {
			isa = PBXSourcesBuildPhase;
			buildActionMask = 2147483647;
			files = (
				83FC62E91C783ABA00245DA2 /* PokeCell.swift in Sources */,
				83FC62D31C782E0B00245DA2 /* ViewController.swift in Sources */,
				83FC62D11C782E0B00245DA2 /* AppDelegate.swift in Sources */,
				83FC62E61C78313000245DA2 /* Pokemon.swift in Sources */,
				83FC62EB1C79198500245DA2 /* csv.swift in Sources */,
			);
			runOnlyForDeploymentPostprocessing = 0;
		};
/* End PBXSourcesBuildPhase section */

/* Begin PBXVariantGroup section */
		83FC62D41C782E0B00245DA2 /* Main.storyboard */ = {
			isa = PBXVariantGroup;
			children = (
				83FC62D51C782E0B00245DA2 /* Base */,
			);
			name = Main.storyboard;
			sourceTree = "<group>";
		};
		83FC62D91C782E0B00245DA2 /* LaunchScreen.storyboard */ = {
			isa = PBXVariantGroup;
			children = (
				83FC62DA1C782E0B00245DA2 /* Base */,
			);
			name = LaunchScreen.storyboard;
			sourceTree = "<group>";
		};
/* End PBXVariantGroup section */

/* Begin XCBuildConfiguration section */
		83FC62DD1C782E0B00245DA2 /* Debug */ = {
			isa = XCBuildConfiguration;
			buildSettings = {
				ALWAYS_SEARCH_USER_PATHS = NO;
				CLANG_CXX_LANGUAGE_STANDARD = "gnu++0x";
				CLANG_CXX_LIBRARY = "libc++";
				CLANG_ENABLE_MODULES = YES;
				CLANG_ENABLE_OBJC_ARC = YES;
				CLANG_WARN_BOOL_CONVERSION = YES;
				CLANG_WARN_CONSTANT_CONVERSION = YES;
				CLANG_WARN_DIRECT_OBJC_ISA_USAGE = YES_ERROR;
				CLANG_WARN_EMPTY_BODY = YES;
				CLANG_WARN_ENUM_CONVERSION = YES;
				CLANG_WARN_INT_CONVERSION = YES;
				CLANG_WARN_OBJC_ROOT_CLASS = YES_ERROR;
				CLANG_WARN_UNREACHABLE_CODE = YES;
				CLANG_WARN__DUPLICATE_METHOD_MATCH = YES;
				"CODE_SIGN_IDENTITY[sdk=iphoneos*]" = "iPhone Developer";
				COPY_PHASE_STRIP = NO;
				DEBUG_INFORMATION_FORMAT = dwarf;
				ENABLE_STRICT_OBJC_MSGSEND = YES;
				ENABLE_TESTABILITY = YES;
				GCC_C_LANGUAGE_STANDARD = gnu99;
				GCC_DYNAMIC_NO_PIC = NO;
				GCC_NO_COMMON_BLOCKS = YES;
				GCC_OPTIMIZATION_LEVEL = 0;
				GCC_PREPROCESSOR_DEFINITIONS = (
					"DEBUG=1",
					"$(inherited)",
				);
				GCC_WARN_64_TO_32_BIT_CONVERSION = YES;
				GCC_WARN_ABOUT_RETURN_TYPE = YES_ERROR;
				GCC_WARN_UNDECLARED_SELECTOR = YES;
				GCC_WARN_UNINITIALIZED_AUTOS = YES_AGGRESSIVE;
				GCC_WARN_UNUSED_FUNCTION = YES;
				GCC_WARN_UNUSED_VARIABLE = YES;
				IPHONEOS_DEPLOYMENT_TARGET = 9.2;
				MTL_ENABLE_DEBUG_INFO = YES;
				ONLY_ACTIVE_ARCH = YES;
				SDKROOT = iphoneos;
				SWIFT_OPTIMIZATION_LEVEL = "-Onone";
				TARGETED_DEVICE_FAMILY = "1,2";
			};
			name = Debug;
		};
		83FC62DE1C782E0B00245DA2 /* Release */ = {
			isa = XCBuildConfiguration;
			buildSettings = {
				ALWAYS_SEARCH_USER_PATHS = NO;
				CLANG_CXX_LANGUAGE_STANDARD = "gnu++0x";
				CLANG_CXX_LIBRARY = "libc++";
				CLANG_ENABLE_MODULES = YES;
				CLANG_ENABLE_OBJC_ARC = YES;
				CLANG_WARN_BOOL_CONVERSION = YES;
				CLANG_WARN_CONSTANT_CONVERSION = YES;
				CLANG_WARN_DIRECT_OBJC_ISA_USAGE = YES_ERROR;
				CLANG_WARN_EMPTY_BODY = YES;
				CLANG_WARN_ENUM_CONVERSION = YES;
				CLANG_WARN_INT_CONVERSION = YES;
				CLANG_WARN_OBJC_ROOT_CLASS = YES_ERROR;
				CLANG_WARN_UNREACHABLE_CODE = YES;
				CLANG_WARN__DUPLICATE_METHOD_MATCH = YES;
				"CODE_SIGN_IDENTITY[sdk=iphoneos*]" = "iPhone Developer";
				COPY_PHASE_STRIP = NO;
				DEBUG_INFORMATION_FORMAT = "dwarf-with-dsym";
				ENABLE_NS_ASSERTIONS = NO;
				ENABLE_STRICT_OBJC_MSGSEND = YES;
				GCC_C_LANGUAGE_STANDARD = gnu99;
				GCC_NO_COMMON_BLOCKS = YES;
				GCC_WARN_64_TO_32_BIT_CONVERSION = YES;
				GCC_WARN_ABOUT_RETURN_TYPE = YES_ERROR;
				GCC_WARN_UNDECLARED_SELECTOR = YES;
				GCC_WARN_UNINITIALIZED_AUTOS = YES_AGGRESSIVE;
				GCC_WARN_UNUSED_FUNCTION = YES;
				GCC_WARN_UNUSED_VARIABLE = YES;
				IPHONEOS_DEPLOYMENT_TARGET = 9.2;
				MTL_ENABLE_DEBUG_INFO = NO;
				SDKROOT = iphoneos;
				TARGETED_DEVICE_FAMILY = "1,2";
				VALIDATE_PRODUCT = YES;
			};
			name = Release;
		};
		83FC62E01C782E0B00245DA2 /* Debug */ = {
			isa = XCBuildConfiguration;
			buildSettings = {
				ASSETCATALOG_COMPILER_APPICON_NAME = AppIcon;
				INFOPLIST_FILE = pokeDex/Info.plist;
				LD_RUNPATH_SEARCH_PATHS = "$(inherited) @executable_path/Frameworks";
				PRODUCT_BUNDLE_IDENTIFIER = CRDevs.pokeDex;
				PRODUCT_NAME = "$(TARGET_NAME)";
			};
			name = Debug;
		};
		83FC62E11C782E0B00245DA2 /* Release */ = {
			isa = XCBuildConfiguration;
			buildSettings = {
				ASSETCATALOG_COMPILER_APPICON_NAME = AppIcon;
				INFOPLIST_FILE = pokeDex/Info.plist;
				LD_RUNPATH_SEARCH_PATHS = "$(inherited) @executable_path/Frameworks";
				PRODUCT_BUNDLE_IDENTIFIER = CRDevs.pokeDex;
				PRODUCT_NAME = "$(TARGET_NAME)";
			};
			name = Release;
		};
/* End XCBuildConfiguration section */

/* Begin XCConfigurationList section */
		83FC62C81C782E0A00245DA2 /* Build configuration list for PBXProject "pokeDex" */ = {
			isa = XCConfigurationList;
			buildConfigurations = (
				83FC62DD1C782E0B00245DA2 /* Debug */,
				83FC62DE1C782E0B00245DA2 /* Release */,
			);
			defaultConfigurationIsVisible = 0;
			defaultConfigurationName = Release;
		};
		83FC62DF1C782E0B00245DA2 /* Build configuration list for PBXNativeTarget "pokeDex" */ = {
			isa = XCConfigurationList;
			buildConfigurations = (
				83FC62E01C782E0B00245DA2 /* Debug */,
				83FC62E11C782E0B00245DA2 /* Release */,
			);
			defaultConfigurationIsVisible = 0;
		};
/* End XCConfigurationList section */
	};
	rootObject = 83FC62C51C782E0A00245DA2 /* Project object */;
}
